{
  "requires": true,
  "lockfileVersion": 1,
  "dependencies": {
    "vast-client": {
      "version": "3.1.1",
      "resolved": "https://registry.npmjs.org/vast-client/-/vast-client-3.1.1.tgz",
      "integrity": "sha512-ED32RnLthWgAjQiEPsbqqC4LkN8+EhFyevHVh2SsmlPr6auugjswdbv+VgaQ/d7KUH/vpZ675HzVkIqkB2ibiQ==",
      "requires": {
        "xmldom": "0.3.0"
      }
    },
    "xmldom": {
      "version": "0.3.0",
      "resolved": "https://registry.npmjs.org/xmldom/-/xmldom-0.3.0.tgz",
      "integrity": "sha512-z9s6k3wxE+aZHgXYxSTpGDo7BYOUfJsIRyoZiX6HTjwpwfS2wpQBQKa2fD+ShLyPkqDYo5ud7KitmLZ2Cd6r0g=="
    }
  }
}
